// !$*UTF8*$!
{
	archiveVersion = 1;
	classes = {
	};
	objectVersion = 50;
	objects = {

/* Begin PBXBuildFile section */
		2718DA4B230165EF005DC710 /* JLPickerSwiftSelector.h in Headers */ = {isa = PBXBuildFile; fileRef = 2718DA49230165EF005DC710 /* JLPickerSwiftSelector.h */; settings = {ATTRIBUTES = (Public, ); }; };
		2718DA4E230165EF005DC710 /* JLPickerSwiftSelector.framework in Frameworks */ = {isa = PBXBuildFile; fileRef = 2718DA47230165EF005DC710 /* JLPickerSwiftSelector.framework */; };
		2718DA4F230165EF005DC710 /* JLPickerSwiftSelector.framework in Embed Frameworks */ = {isa = PBXBuildFile; fileRef = 2718DA47230165EF005DC710 /* JLPickerSwiftSelector.framework */; settings = {ATTRIBUTES = (CodeSignOnCopy, RemoveHeadersOnCopy, ); }; };
		2718DA5423016638005DC710 /* SBPickerSwiftSelector.swift in Sources */ = {isa = PBXBuildFile; fileRef = 7F4BD19821FB922F008BBBA6 /* SBPickerSwiftSelector.swift */; };
		2718DA5523016670005DC710 /* SBPickerSwiftSelector.xib in Resources */ = {isa = PBXBuildFile; fileRef = 7F4BD19C21FBB37D008BBBA6 /* SBPickerSwiftSelector.xib */; };
		7F4BD18021FB9147008BBBA6 /* AppDelegate.swift in Sources */ = {isa = PBXBuildFile; fileRef = 7F4BD17F21FB9147008BBBA6 /* AppDelegate.swift */; };
		7F4BD18221FB9147008BBBA6 /* ViewController.swift in Sources */ = {isa = PBXBuildFile; fileRef = 7F4BD18121FB9147008BBBA6 /* ViewController.swift */; };
		7F4BD18521FB9147008BBBA6 /* Main.storyboard in Resources */ = {isa = PBXBuildFile; fileRef = 7F4BD18321FB9147008BBBA6 /* Main.storyboard */; };
		7F4BD18721FB9149008BBBA6 /* Assets.xcassets in Resources */ = {isa = PBXBuildFile; fileRef = 7F4BD18621FB9149008BBBA6 /* Assets.xcassets */; };
		7F4BD18A21FB9149008BBBA6 /* LaunchScreen.storyboard in Resources */ = {isa = PBXBuildFile; fileRef = 7F4BD18821FB9149008BBBA6 /* LaunchScreen.storyboard */; };
		7F4BD19921FB922F008BBBA6 /* SBPickerSwiftSelector.swift in Sources */ = {isa = PBXBuildFile; fileRef = 7F4BD19821FB922F008BBBA6 /* SBPickerSwiftSelector.swift */; };
		7F4BD19D21FBB37D008BBBA6 /* SBPickerSwiftSelector.xib in Resources */ = {isa = PBXBuildFile; fileRef = 7F4BD19C21FBB37D008BBBA6 /* SBPickerSwiftSelector.xib */; };
/* End PBXBuildFile section */

/* Begin PBXContainerItemProxy section */
		2718DA4C230165EF005DC710 /* PBXContainerItemProxy */ = {
			isa = PBXContainerItemProxy;
			containerPortal = 7F4BD17421FB9147008BBBA6 /* Project object */;
			proxyType = 1;
			remoteGlobalIDString = 2718DA46230165EF005DC710;
			remoteInfo = JLPickerSwiftSelector;
		};
/* End PBXContainerItemProxy section */

/* Begin PBXCopyFilesBuildPhase section */
		2718DA53230165EF005DC710 /* Embed Frameworks */ = {
			isa = PBXCopyFilesBuildPhase;
			buildActionMask = 2147483647;
			dstPath = "";
			dstSubfolderSpec = 10;
			files = (
				2718DA4F230165EF005DC710 /* JLPickerSwiftSelector.framework in Embed Frameworks */,
			);
			name = "Embed Frameworks";
			runOnlyForDeploymentPostprocessing = 0;
		};
/* End PBXCopyFilesBuildPhase section */

/* Begin PBXFileReference section */
		2718DA47230165EF005DC710 /* JLPickerSwiftSelector.framework */ = {isa = PBXFileReference; explicitFileType = wrapper.framework; includeInIndex = 0; path = JLPickerSwiftSelector.framework; sourceTree = BUILT_PRODUCTS_DIR; };
		2718DA49230165EF005DC710 /* JLPickerSwiftSelector.h */ = {isa = PBXFileReference; lastKnownFileType = sourcecode.c.h; path = JLPickerSwiftSelector.h; sourceTree = "<group>"; };
		2718DA4A230165EF005DC710 /* Info.plist */ = {isa = PBXFileReference; lastKnownFileType = text.plist.xml; path = Info.plist; sourceTree = "<group>"; };
		7F4BD17C21FB9147008BBBA6 /* SBPickerSwiftSelectorExample.app */ = {isa = PBXFileReference; explicitFileType = wrapper.application; includeInIndex = 0; path = SBPickerSwiftSelectorExample.app; sourceTree = BUILT_PRODUCTS_DIR; };
		7F4BD17F21FB9147008BBBA6 /* AppDelegate.swift */ = {isa = PBXFileReference; lastKnownFileType = sourcecode.swift; path = AppDelegate.swift; sourceTree = "<group>"; };
		7F4BD18121FB9147008BBBA6 /* ViewController.swift */ = {isa = PBXFileReference; lastKnownFileType = sourcecode.swift; path = ViewController.swift; sourceTree = "<group>"; };
		7F4BD18421FB9147008BBBA6 /* Base */ = {isa = PBXFileReference; lastKnownFileType = file.storyboard; name = Base; path = Base.lproj/Main.storyboard; sourceTree = "<group>"; };
		7F4BD18621FB9149008BBBA6 /* Assets.xcassets */ = {isa = PBXFileReference; lastKnownFileType = folder.assetcatalog; path = Assets.xcassets; sourceTree = "<group>"; };
		7F4BD18921FB9149008BBBA6 /* Base */ = {isa = PBXFileReference; lastKnownFileType = file.storyboard; name = Base; path = Base.lproj/LaunchScreen.storyboard; sourceTree = "<group>"; };
		7F4BD18B21FB9149008BBBA6 /* Info.plist */ = {isa = PBXFileReference; lastKnownFileType = text.plist.xml; path = Info.plist; sourceTree = "<group>"; };
		7F4BD19821FB922F008BBBA6 /* SBPickerSwiftSelector.swift */ = {isa = PBXFileReference; lastKnownFileType = sourcecode.swift; path = SBPickerSwiftSelector.swift; sourceTree = "<group>"; };
		7F4BD19C21FBB37D008BBBA6 /* SBPickerSwiftSelector.xib */ = {isa = PBXFileReference; lastKnownFileType = file.xib; path = SBPickerSwiftSelector.xib; sourceTree = "<group>"; };
/* End PBXFileReference section */

/* Begin PBXFrameworksBuildPhase section */
		2718DA44230165EF005DC710 /* Frameworks */ = {
			isa = PBXFrameworksBuildPhase;
			buildActionMask = 2147483647;
			files = (
			);
			runOnlyForDeploymentPostprocessing = 0;
		};
		7F4BD17921FB9147008BBBA6 /* Frameworks */ = {
			isa = PBXFrameworksBuildPhase;
			buildActionMask = 2147483647;
			files = (
				2718DA4E230165EF005DC710 /* JLPickerSwiftSelector.framework in Frameworks */,
			);
			runOnlyForDeploymentPostprocessing = 0;
		};
/* End PBXFrameworksBuildPhase section */

/* Begin PBXGroup section */
		2718DA48230165EF005DC710 /* JLPickerSwiftSelector */ = {
			isa = PBXGroup;
			children = (
				2718DA49230165EF005DC710 /* JLPickerSwiftSelector.h */,
				2718DA4A230165EF005DC710 /* Info.plist */,
			);
			path = JLPickerSwiftSelector;
			sourceTree = "<group>";
		};
		7F4BD17321FB9147008BBBA6 = {
			isa = PBXGroup;
			children = (
				7F4BD17E21FB9147008BBBA6 /* SBPickerSwiftSelectorExample */,
				2718DA48230165EF005DC710 /* JLPickerSwiftSelector */,
				7F4BD17D21FB9147008BBBA6 /* Products */,
			);
			sourceTree = "<group>";
		};
		7F4BD17D21FB9147008BBBA6 /* Products */ = {
			isa = PBXGroup;
			children = (
				7F4BD17C21FB9147008BBBA6 /* SBPickerSwiftSelectorExample.app */,
				2718DA47230165EF005DC710 /* JLPickerSwiftSelector.framework */,
			);
			name = Products;
			sourceTree = "<group>";
		};
		7F4BD17E21FB9147008BBBA6 /* SBPickerSwiftSelectorExample */ = {
			isa = PBXGroup;
			children = (
				7F4BD19121FB91C2008BBBA6 /* SBPickerSwiftSelector */,
				7F4BD17F21FB9147008BBBA6 /* AppDelegate.swift */,
				7F4BD18121FB9147008BBBA6 /* ViewController.swift */,
				7F4BD18321FB9147008BBBA6 /* Main.storyboard */,
				7F4BD18621FB9149008BBBA6 /* Assets.xcassets */,
				7F4BD18821FB9149008BBBA6 /* LaunchScreen.storyboard */,
				7F4BD18B21FB9149008BBBA6 /* Info.plist */,
			);
			path = SBPickerSwiftSelectorExample;
			sourceTree = "<group>";
		};
		7F4BD19121FB91C2008BBBA6 /* SBPickerSwiftSelector */ = {
			isa = PBXGroup;
			children = (
				7F4BD19721FB9208008BBBA6 /* Source */,
				7F4BD19221FB91CF008BBBA6 /* Resources */,
			);
			name = SBPickerSwiftSelector;
			path = ../../SBPickerSwiftSelector;
			sourceTree = "<group>";
		};
		7F4BD19221FB91CF008BBBA6 /* Resources */ = {
			isa = PBXGroup;
			children = (
				7F4BD19C21FBB37D008BBBA6 /* SBPickerSwiftSelector.xib */,
			);
			path = Resources;
			sourceTree = "<group>";
		};
		7F4BD19721FB9208008BBBA6 /* Source */ = {
			isa = PBXGroup;
			children = (
				7F4BD19821FB922F008BBBA6 /* SBPickerSwiftSelector.swift */,
			);
			path = Source;
			sourceTree = "<group>";
		};
/* End PBXGroup section */

/* Begin PBXHeadersBuildPhase section */
		2718DA42230165EF005DC710 /* Headers */ = {
			isa = PBXHeadersBuildPhase;
			buildActionMask = 2147483647;
			files = (
				2718DA4B230165EF005DC710 /* JLPickerSwiftSelector.h in Headers */,
			);
			runOnlyForDeploymentPostprocessing = 0;
		};
/* End PBXHeadersBuildPhase section */

/* Begin PBXNativeTarget section */
		2718DA46230165EF005DC710 /* JLPickerSwiftSelector */ = {
			isa = PBXNativeTarget;
			buildConfigurationList = 2718DA50230165EF005DC710 /* Build configuration list for PBXNativeTarget "JLPickerSwiftSelector" */;
			buildPhases = (
				2718DA42230165EF005DC710 /* Headers */,
				2718DA43230165EF005DC710 /* Sources */,
				2718DA44230165EF005DC710 /* Frameworks */,
				2718DA45230165EF005DC710 /* Resources */,
			);
			buildRules = (
			);
			dependencies = (
			);
			name = JLPickerSwiftSelector;
			productName = JLPickerSwiftSelector;
			productReference = 2718DA47230165EF005DC710 /* JLPickerSwiftSelector.framework */;
			productType = "com.apple.product-type.framework";
		};
		7F4BD17B21FB9147008BBBA6 /* SBPickerSwiftSelectorExample */ = {
			isa = PBXNativeTarget;
			buildConfigurationList = 7F4BD18E21FB9149008BBBA6 /* Build configuration list for PBXNativeTarget "SBPickerSwiftSelectorExample" */;
			buildPhases = (
				7F4BD17821FB9147008BBBA6 /* Sources */,
				7F4BD17921FB9147008BBBA6 /* Frameworks */,
				7F4BD17A21FB9147008BBBA6 /* Resources */,
				2718DA53230165EF005DC710 /* Embed Frameworks */,
			);
			buildRules = (
			);
			dependencies = (
				2718DA4D230165EF005DC710 /* PBXTargetDependency */,
			);
			name = SBPickerSwiftSelectorExample;
			productName = SBPickerSwiftSelectorExample;
			productReference = 7F4BD17C21FB9147008BBBA6 /* SBPickerSwiftSelectorExample.app */;
			productType = "com.apple.product-type.application";
		};
/* End PBXNativeTarget section */

/* Begin PBXProject section */
		7F4BD17421FB9147008BBBA6 /* Project object */ = {
			isa = PBXProject;
			attributes = {
				LastSwiftUpdateCheck = 1010;
				LastUpgradeCheck = 1010;
				ORGANIZATIONNAME = Busta;
				TargetAttributes = {
					2718DA46230165EF005DC710 = {
						CreatedOnToolsVersion = 10.3;
					};
					7F4BD17B21FB9147008BBBA6 = {
						CreatedOnToolsVersion = 10.1;
						LastSwiftMigration = 1020;
					};
				};
			};
			buildConfigurationList = 7F4BD17721FB9147008BBBA6 /* Build configuration list for PBXProject "SBPickerSwiftSelectorExample" */;
			compatibilityVersion = "Xcode 9.3";
			developmentRegion = en;
			hasScannedForEncodings = 0;
			knownRegions = (
				en,
				Base,
			);
			mainGroup = 7F4BD17321FB9147008BBBA6;
			productRefGroup = 7F4BD17D21FB9147008BBBA6 /* Products */;
			projectDirPath = "";
			projectRoot = "";
			targets = (
				7F4BD17B21FB9147008BBBA6 /* SBPickerSwiftSelectorExample */,
				2718DA46230165EF005DC710 /* JLPickerSwiftSelector */,
			);
		};
/* End PBXProject section */

/* Begin PBXResourcesBuildPhase section */
		2718DA45230165EF005DC710 /* Resources */ = {
			isa = PBXResourcesBuildPhase;
			buildActionMask = 2147483647;
			files = (
				2718DA5523016670005DC710 /* SBPickerSwiftSelector.xib in Resources */,
			);
			runOnlyForDeploymentPostprocessing = 0;
		};
		7F4BD17A21FB9147008BBBA6 /* Resources */ = {
			isa = PBXResourcesBuildPhase;
			buildActionMask = 2147483647;
			files = (
				7F4BD18A21FB9149008BBBA6 /* LaunchScreen.storyboard in Resources */,
				7F4BD19D21FBB37D008BBBA6 /* SBPickerSwiftSelector.xib in Resources */,
				7F4BD18721FB9149008BBBA6 /* Assets.xcassets in Resources */,
				7F4BD18521FB9147008BBBA6 /* Main.storyboard in Resources */,
			);
			runOnlyForDeploymentPostprocessing = 0;
		};
/* End PBXResourcesBuildPhase section */

/* Begin PBXSourcesBuildPhase section */
		2718DA43230165EF005DC710 /* Sources */ = {
			isa = PBXSourcesBuildPhase;
			buildActionMask = 2147483647;
			files = (
				2718DA5423016638005DC710 /* SBPickerSwiftSelector.swift in Sources */,
			);
			runOnlyForDeploymentPostprocessing = 0;
		};
		7F4BD17821FB9147008BBBA6 /* Sources */ = {
			isa = PBXSourcesBuildPhase;
			buildActionMask = 2147483647;
			files = (
				7F4BD18221FB9147008BBBA6 /* ViewController.swift in Sources */,
				7F4BD19921FB922F008BBBA6 /* SBPickerSwiftSelector.swift in Sources */,
				7F4BD18021FB9147008BBBA6 /* AppDelegate.swift in Sources */,
			);
			runOnlyForDeploymentPostprocessing = 0;
		};
/* End PBXSourcesBuildPhase section */

/* Begin PBXTargetDependency section */
		2718DA4D230165EF005DC710 /* PBXTargetDependency */ = {
			isa = PBXTargetDependency;
			target = 2718DA46230165EF005DC710 /* JLPickerSwiftSelector */;
			targetProxy = 2718DA4C230165EF005DC710 /* PBXContainerItemProxy */;
		};
/* End PBXTargetDependency section */

/* Begin PBXVariantGroup section */
		7F4BD18321FB9147008BBBA6 /* Main.storyboard */ = {
			isa = PBXVariantGroup;
			children = (
				7F4BD18421FB9147008BBBA6 /* Base */,
			);
			name = Main.storyboard;
			sourceTree = "<group>";
		};
		7F4BD18821FB9149008BBBA6 /* LaunchScreen.storyboard */ = {
			isa = PBXVariantGroup;
			children = (
				7F4BD18921FB9149008BBBA6 /* Base */,
			);
			name = LaunchScreen.storyboard;
			sourceTree = "<group>";
		};
/* End PBXVariantGroup section */

/* Begin XCBuildConfiguration section */
		2718DA51230165EF005DC710 /* Debug */ = {
			isa = XCBuildConfiguration;
			buildSettings = {
				CODE_SIGN_IDENTITY = "";
				CODE_SIGN_STYLE = Automatic;
				CURRENT_PROJECT_VERSION = 1;
				DEFINES_MODULE = YES;
				DEVELOPMENT_TEAM = A73XC757VV;
				DYLIB_COMPATIBILITY_VERSION = 1;
				DYLIB_CURRENT_VERSION = 1;
				DYLIB_INSTALL_NAME_BASE = "@rpath";
				INFOPLIST_FILE = JLPickerSwiftSelector/Info.plist;
				INSTALL_PATH = "$(LOCAL_LIBRARY_DIR)/Frameworks";
				IPHONEOS_DEPLOYMENT_TARGET = 11.0;
				LD_RUNPATH_SEARCH_PATHS = (
					"$(inherited)",
					"@executable_path/Frameworks",
					"@loader_path/Frameworks",
				);
				PRODUCT_BUNDLE_IDENTIFIER = com.janlion.JLPickerSwiftSelector;
				PRODUCT_NAME = "$(TARGET_NAME:c99extidentifier)";
				SKIP_INSTALL = YES;
				SWIFT_VERSION = 5.0;
				TARGETED_DEVICE_FAMILY = "1,2";
				VERSIONING_SYSTEM = "apple-generic";
				VERSION_INFO_PREFIX = "";
			};
			name = Debug;
		};
		2718DA52230165EF005DC710 /* Release */ = {
			isa = XCBuildConfiguration;
			buildSettings = {
				CODE_SIGN_IDENTITY = "";
				CODE_SIGN_STYLE = Automatic;
				CURRENT_PROJECT_VERSION = 1;
				DEFINES_MODULE = YES;
				DEVELOPMENT_TEAM = "";
				DYLIB_COMPATIBILITY_VERSION = 1;
				DYLIB_CURRENT_VERSION = 1;
				DYLIB_INSTALL_NAME_BASE = "@rpath";
				INFOPLIST_FILE = JLPickerSwiftSelector/Info.plist;
				INSTALL_PATH = "$(LOCAL_LIBRARY_DIR)/Frameworks";
				IPHONEOS_DEPLOYMENT_TARGET = 11.0;
				LD_RUNPATH_SEARCH_PATHS = (
					"$(inherited)",
					"@executable_path/Frameworks",
					"@loader_path/Frameworks",
				);
				PRODUCT_BUNDLE_IDENTIFIER = com.janlion.JLPickerSwiftSelector;
				PRODUCT_NAME = "$(TARGET_NAME:c99extidentifier)";
				SKIP_INSTALL = YES;
				SWIFT_VERSION = 5.0;
				TARGETED_DEVICE_FAMILY = "1,2";
				VERSIONING_SYSTEM = "apple-generic";
				VERSION_INFO_PREFIX = "";
			};
			name = Release;
		};
		7F4BD18C21FB9149008BBBA6 /* Debug */ = {
			isa = XCBuildConfiguration;
			buildSettings = {
				ALWAYS_SEARCH_USER_PATHS = NO;
				CLANG_ANALYZER_NONNULL = YES;
				CLANG_ANALYZER_NUMBER_OBJECT_CONVERSION = YES_AGGRESSIVE;
				CLANG_CXX_LANGUAGE_STANDARD = "gnu++14";
				CLANG_CXX_LIBRARY = "libc++";
				CLANG_ENABLE_MODULES = YES;
				CLANG_ENABLE_OBJC_ARC = YES;
				CLANG_ENABLE_OBJC_WEAK = YES;
				CLANG_WARN_BLOCK_CAPTURE_AUTORELEASING = YES;
				CLANG_WARN_BOOL_CONVERSION = YES;
				CLANG_WARN_COMMA = YES;
				CLANG_WARN_CONSTANT_CONVERSION = YES;
				CLANG_WARN_DEPRECATED_OBJC_IMPLEMENTATIONS = YES;
				CLANG_WARN_DIRECT_OBJC_ISA_USAGE = YES_ERROR;
				CLANG_WARN_DOCUMENTATION_COMMENTS = YES;
				CLANG_WARN_EMPTY_BODY = YES;
				CLANG_WARN_ENUM_CONVERSION = YES;
				CLANG_WARN_INFINITE_RECURSION = YES;
				CLANG_WARN_INT_CONVERSION = YES;
				CLANG_WARN_NON_LITERAL_NULL_CONVERSION = YES;
				CLANG_WARN_OBJC_IMPLICIT_RETAIN_SELF = YES;
				CLANG_WARN_OBJC_LITERAL_CONVERSION = YES;
				CLANG_WARN_OBJC_ROOT_CLASS = YES_ERROR;
				CLANG_WARN_RANGE_LOOP_ANALYSIS = YES;
				CLANG_WARN_STRICT_PROTOTYPES = YES;
				CLANG_WARN_SUSPICIOUS_MOVE = YES;
				CLANG_WARN_UNGUARDED_AVAILABILITY = YES_AGGRESSIVE;
				CLANG_WARN_UNREACHABLE_CODE = YES;
				CLANG_WARN__DUPLICATE_METHOD_MATCH = YES;
				CODE_SIGN_IDENTITY = "iPhone Developer";
				COPY_PHASE_STRIP = NO;
				DEBUG_INFORMATION_FORMAT = dwarf;
				ENABLE_STRICT_OBJC_MSGSEND = YES;
				ENABLE_TESTABILITY = YES;
				GCC_C_LANGUAGE_STANDARD = gnu11;
				GCC_DYNAMIC_NO_PIC = NO;
				GCC_NO_COMMON_BLOCKS = YES;
				GCC_OPTIMIZATION_LEVEL = 0;
				GCC_PREPROCESSOR_DEFINITIONS = (
					"DEBUG=1",
					"$(inherited)",
				);
				GCC_WARN_64_TO_32_BIT_CONVERSION = YES;
				GCC_WARN_ABOUT_RETURN_TYPE = YES_ERROR;
				GCC_WARN_UNDECLARED_SELECTOR = YES;
				GCC_WARN_UNINITIALIZED_AUTOS = YES_AGGRESSIVE;
				GCC_WARN_UNUSED_FUNCTION = YES;
				GCC_WARN_UNUSED_VARIABLE = YES;
				IPHONEOS_DEPLOYMENT_TARGET = 9.0;
				MTL_ENABLE_DEBUG_INFO = INCLUDE_SOURCE;
				MTL_FAST_MATH = YES;
				ONLY_ACTIVE_ARCH = YES;
				SDKROOT = iphoneos;
				SWIFT_ACTIVE_COMPILATION_CONDITIONS = DEBUG;
				SWIFT_OPTIMIZATION_LEVEL = "-Onone";
				SWIFT_VERSION = 4.2;
			};
			name = Debug;
		};
		7F4BD18D21FB9149008BBBA6 /* Release */ = {
			isa = XCBuildConfiguration;
			buildSettings = {
				ALWAYS_SEARCH_USER_PATHS = NO;
				CLANG_ANALYZER_NONNULL = YES;
				CLANG_ANALYZER_NUMBER_OBJECT_CONVERSION = YES_AGGRESSIVE;
				CLANG_CXX_LANGUAGE_STANDARD = "gnu++14";
				CLANG_CXX_LIBRARY = "libc++";
				CLANG_ENABLE_MODULES = YES;
				CLANG_ENABLE_OBJC_ARC = YES;
				CLANG_ENABLE_OBJC_WEAK = YES;
				CLANG_WARN_BLOCK_CAPTURE_AUTORELEASING = YES;
				CLANG_WARN_BOOL_CONVERSION = YES;
				CLANG_WARN_COMMA = YES;
				CLANG_WARN_CONSTANT_CONVERSION = YES;
				CLANG_WARN_DEPRECATED_OBJC_IMPLEMENTATIONS = YES;
				CLANG_WARN_DIRECT_OBJC_ISA_USAGE = YES_ERROR;
				CLANG_WARN_DOCUMENTATION_COMMENTS = YES;
				CLANG_WARN_EMPTY_BODY = YES;
				CLANG_WARN_ENUM_CONVERSION = YES;
				CLANG_WARN_INFINITE_RECURSION = YES;
				CLANG_WARN_INT_CONVERSION = YES;
				CLANG_WARN_NON_LITERAL_NULL_CONVERSION = YES;
				CLANG_WARN_OBJC_IMPLICIT_RETAIN_SELF = YES;
				CLANG_WARN_OBJC_LITERAL_CONVERSION = YES;
				CLANG_WARN_OBJC_ROOT_CLASS = YES_ERROR;
				CLANG_WARN_RANGE_LOOP_ANALYSIS = YES;
				CLANG_WARN_STRICT_PROTOTYPES = YES;
				CLANG_WARN_SUSPICIOUS_MOVE = YES;
				CLANG_WARN_UNGUARDED_AVAILABILITY = YES_AGGRESSIVE;
				CLANG_WARN_UNREACHABLE_CODE = YES;
				CLANG_WARN__DUPLICATE_METHOD_MATCH = YES;
				CODE_SIGN_IDENTITY = "iPhone Developer";
				COPY_PHASE_STRIP = NO;
				DEBUG_INFORMATION_FORMAT = "dwarf-with-dsym";
				ENABLE_NS_ASSERTIONS = NO;
				ENABLE_STRICT_OBJC_MSGSEND = YES;
				GCC_C_LANGUAGE_STANDARD = gnu11;
				GCC_NO_COMMON_BLOCKS = YES;
				GCC_WARN_64_TO_32_BIT_CONVERSION = YES;
				GCC_WARN_ABOUT_RETURN_TYPE = YES_ERROR;
				GCC_WARN_UNDECLARED_SELECTOR = YES;
				GCC_WARN_UNINITIALIZED_AUTOS = YES_AGGRESSIVE;
				GCC_WARN_UNUSED_FUNCTION = YES;
				GCC_WARN_UNUSED_VARIABLE = YES;
				IPHONEOS_DEPLOYMENT_TARGET = 9.0;
				MTL_ENABLE_DEBUG_INFO = NO;
				MTL_FAST_MATH = YES;
				SDKROOT = iphoneos;
				SWIFT_COMPILATION_MODE = wholemodule;
				SWIFT_OPTIMIZATION_LEVEL = "-O";
				SWIFT_VERSION = 4.2;
				VALIDATE_PRODUCT = YES;
			};
			name = Release;
		};
		7F4BD18F21FB9149008BBBA6 /* Debug */ = {
			isa = XCBuildConfiguration;
			buildSettings = {
				ALWAYS_EMBED_SWIFT_STANDARD_LIBRARIES = YES;
				ASSETCATALOG_COMPILER_APPICON_NAME = AppIcon;
				CODE_SIGN_STYLE = Manual;
				DEVELOPMENT_TEAM = A73XC757VV;
				INFOPLIST_FILE = SBPickerSwiftSelectorExample/Info.plist;
				LD_RUNPATH_SEARCH_PATHS = (
					"$(inherited)",
					"@executable_path/Frameworks",
				);
				PRODUCT_BUNDLE_IDENTIFIER = com.janlion.SBPickerSwiftSelectorExample;
				PRODUCT_NAME = "$(TARGET_NAME)";
				PROVISIONING_PROFILE_SPECIFIER = JustForTestID2;
				SWIFT_VERSION = 5.0;
				TARGETED_DEVICE_FAMILY = "1,2";
			};
			name = Debug;
		};
		7F4BD19021FB9149008BBBA6 /* Release */ = {
			isa = XCBuildConfiguration;
			buildSettings = {
				ALWAYS_EMBED_SWIFT_STANDARD_LIBRARIES = YES;
				ASSETCATALOG_COMPILER_APPICON_NAME = AppIcon;
				CODE_SIGN_STYLE = Manual;
				DEVELOPMENT_TEAM = "";
				INFOPLIST_FILE = SBPickerSwiftSelectorExample/Info.plist;
				LD_RUNPATH_SEARCH_PATHS = (
					"$(inherited)",
					"@executable_path/Frameworks",
				);
				PRODUCT_BUNDLE_IDENTIFIER = com.janlion.SBPickerSwiftSelectorExample;
				PRODUCT_NAME = "$(TARGET_NAME)";
				PROVISIONING_PROFILE_SPECIFIER = "";
				SWIFT_VERSION = 5.0;
				TARGETED_DEVICE_FAMILY = "1,2";
			};
			name = Release;
		};
/* End XCBuildConfiguration section */

/* Begin XCConfigurationList section */
		2718DA50230165EF005DC710 /* Build configuration list for PBXNativeTarget "JLPickerSwiftSelector" */ = {
			isa = XCConfigurationList;
			buildConfigurations = (
				2718DA51230165EF005DC710 /* Debug */,
				2718DA52230165EF005DC710 /* Release */,
			);
			defaultConfigurationIsVisible = 0;
			defaultConfigurationName = Release;
		};
		7F4BD17721FB9147008BBBA6 /* Build configuration list for PBXProject "SBPickerSwiftSelectorExample" */ = {
			isa = XCConfigurationList;
			buildConfigurations = (
				7F4BD18C21FB9149008BBBA6 /* Debug */,
				7F4BD18D21FB9149008BBBA6 /* Release */,
			);
			defaultConfigurationIsVisible = 0;
			defaultConfigurationName = Release;
		};
		7F4BD18E21FB9149008BBBA6 /* Build configuration list for PBXNativeTarget "SBPickerSwiftSelectorExample" */ = {
			isa = XCConfigurationList;
			buildConfigurations = (
				7F4BD18F21FB9149008BBBA6 /* Debug */,
				7F4BD19021FB9149008BBBA6 /* Release */,
			);
			defaultConfigurationIsVisible = 0;
			defaultConfigurationName = Release;
		};
/* End XCConfigurationList section */
	};
	rootObject = 7F4BD17421FB9147008BBBA6 /* Project object */;
}
