// !$*UTF8*$!
{
	archiveVersion = 1;
	classes = {
	};
	objectVersion = 46;
	objects = {

/* Begin PBXBuildFile section */
		5228F2AE1DB1628B00B33E34 /* AppDelegate.swift in Sources */ = {isa = PBXBuildFile; fileRef = 5228F2AD1DB1628B00B33E34 /* AppDelegate.swift */; };
		5228F2B01DB1628B00B33E34 /* ViewController.swift in Sources */ = {isa = PBXBuildFile; fileRef = 5228F2AF1DB1628B00B33E34 /* ViewController.swift */; };
		5228F2B31DB1628B00B33E34 /* Main.storyboard in Resources */ = {isa = PBXBuildFile; fileRef = 5228F2B11DB1628B00B33E34 /* Main.storyboard */; };
		5228F2B51DB1628B00B33E34 /* Assets.xcassets in Resources */ = {isa = PBXBuildFile; fileRef = 5228F2B41DB1628B00B33E34 /* Assets.xcassets */; };
		5228F2B81DB1628B00B33E34 /* LaunchScreen.storyboard in Resources */ = {isa = PBXBuildFile; fileRef = 5228F2B61DB1628B00B33E34 /* LaunchScreen.storyboard */; };
		A60A63C8AA2F857526DFF4CE /* Pods_swift_SBPickerSelectorExample.framework in Frameworks */ = {isa = PBXBuildFile; fileRef = 127FF9DD71D269C303865D9F /* Pods_swift_SBPickerSelectorExample.framework */; };
/* End PBXBuildFile section */

/* Begin PBXFileReference section */
		127FF9DD71D269C303865D9F /* Pods_swift_SBPickerSelectorExample.framework */ = {isa = PBXFileReference; explicitFileType = wrapper.framework; includeInIndex = 0; path = Pods_swift_SBPickerSelectorExample.framework; sourceTree = BUILT_PRODUCTS_DIR; };
		241D12CFF70A4B1FF9A9F337 /* Pods-swift-SBPickerSelectorExample.release.xcconfig */ = {isa = PBXFileReference; includeInIndex = 1; lastKnownFileType = text.xcconfig; name = "Pods-swift-SBPickerSelectorExample.release.xcconfig"; path = "Pods/Target Support Files/Pods-swift-SBPickerSelectorExample/Pods-swift-SBPickerSelectorExample.release.xcconfig"; sourceTree = "<group>"; };
		5228F2AA1DB1628B00B33E34 /* swift-SBPickerSelectorExample.app */ = {isa = PBXFileReference; explicitFileType = wrapper.application; includeInIndex = 0; path = "swift-SBPickerSelectorExample.app"; sourceTree = BUILT_PRODUCTS_DIR; };
		5228F2AD1DB1628B00B33E34 /* AppDelegate.swift */ = {isa = PBXFileReference; lastKnownFileType = sourcecode.swift; path = AppDelegate.swift; sourceTree = "<group>"; };
		5228F2AF1DB1628B00B33E34 /* ViewController.swift */ = {isa = PBXFileReference; lastKnownFileType = sourcecode.swift; path = ViewController.swift; sourceTree = "<group>"; };
		5228F2B21DB1628B00B33E34 /* Base */ = {isa = PBXFileReference; lastKnownFileType = file.storyboard; name = Base; path = Base.lproj/Main.storyboard; sourceTree = "<group>"; };
		5228F2B41DB1628B00B33E34 /* Assets.xcassets */ = {isa = PBXFileReference; lastKnownFileType = folder.assetcatalog; path = Assets.xcassets; sourceTree = "<group>"; };
		5228F2B71DB1628B00B33E34 /* Base */ = {isa = PBXFileReference; lastKnownFileType = file.storyboard; name = Base; path = Base.lproj/LaunchScreen.storyboard; sourceTree = "<group>"; };
		5228F2B91DB1628B00B33E34 /* Info.plist */ = {isa = PBXFileReference; lastKnownFileType = text.plist.xml; path = Info.plist; sourceTree = "<group>"; };
		E3F421DA62FAAC625C7C50A9 /* Pods-swift-SBPickerSelectorExample.debug.xcconfig */ = {isa = PBXFileReference; includeInIndex = 1; lastKnownFileType = text.xcconfig; name = "Pods-swift-SBPickerSelectorExample.debug.xcconfig"; path = "Pods/Target Support Files/Pods-swift-SBPickerSelectorExample/Pods-swift-SBPickerSelectorExample.debug.xcconfig"; sourceTree = "<group>"; };
/* End PBXFileReference section */

/* Begin PBXFrameworksBuildPhase section */
		5228F2A71DB1628B00B33E34 /* Frameworks */ = {
			isa = PBXFrameworksBuildPhase;
			buildActionMask = 2147483647;
			files = (
				A60A63C8AA2F857526DFF4CE /* Pods_swift_SBPickerSelectorExample.framework in Frameworks */,
			);
			runOnlyForDeploymentPostprocessing = 0;
		};
/* End PBXFrameworksBuildPhase section */

/* Begin PBXGroup section */
		5228F2A11DB1628B00B33E34 = {
			isa = PBXGroup;
			children = (
				5228F2AC1DB1628B00B33E34 /* swift-SBPickerSelectorExample */,
				5228F2AB1DB1628B00B33E34 /* Products */,
				DD894EC1AEEA690032F45416 /* Pods */,
				7BAD86A826F3086B4D10BFF8 /* Frameworks */,
			);
			sourceTree = "<group>";
		};
		5228F2AB1DB1628B00B33E34 /* Products */ = {
			isa = PBXGroup;
			children = (
				5228F2AA1DB1628B00B33E34 /* swift-SBPickerSelectorExample.app */,
			);
			name = Products;
			sourceTree = "<group>";
		};
		5228F2AC1DB1628B00B33E34 /* swift-SBPickerSelectorExample */ = {
			isa = PBXGroup;
			children = (
				5228F2AD1DB1628B00B33E34 /* AppDelegate.swift */,
				5228F2AF1DB1628B00B33E34 /* ViewController.swift */,
				5228F2B11DB1628B00B33E34 /* Main.storyboard */,
				5228F2B41DB1628B00B33E34 /* Assets.xcassets */,
				5228F2B61DB1628B00B33E34 /* LaunchScreen.storyboard */,
				5228F2B91DB1628B00B33E34 /* Info.plist */,
			);
			path = "swift-SBPickerSelectorExample";
			sourceTree = "<group>";
		};
		7BAD86A826F3086B4D10BFF8 /* Frameworks */ = {
			isa = PBXGroup;
			children = (
				127FF9DD71D269C303865D9F /* Pods_swift_SBPickerSelectorExample.framework */,
			);
			name = Frameworks;
			sourceTree = "<group>";
		};
		DD894EC1AEEA690032F45416 /* Pods */ = {
			isa = PBXGroup;
			children = (
				E3F421DA62FAAC625C7C50A9 /* Pods-swift-SBPickerSelectorExample.debug.xcconfig */,
				241D12CFF70A4B1FF9A9F337 /* Pods-swift-SBPickerSelectorExample.release.xcconfig */,
			);
			name = Pods;
			sourceTree = "<group>";
		};
/* End PBXGroup section */

/* Begin PBXNativeTarget section */
		5228F2A91DB1628B00B33E34 /* swift-SBPickerSelectorExample */ = {
			isa = PBXNativeTarget;
			buildConfigurationList = 5228F2BC1DB1628B00B33E34 /* Build configuration list for PBXNativeTarget "swift-SBPickerSelectorExample" */;
			buildPhases = (
				BD5F7CD7CDA1C5291A1EAF8B /* [CP] Check Pods Manifest.lock */,
				5228F2A61DB1628B00B33E34 /* Sources */,
				5228F2A71DB1628B00B33E34 /* Frameworks */,
				5228F2A81DB1628B00B33E34 /* Resources */,
				A9FC90ECFB3B822151539FC8 /* [CP] Embed Pods Frameworks */,
				493D30F78F097DB648986FD8 /* [CP] Copy Pods Resources */,
			);
			buildRules = (
			);
			dependencies = (
			);
			name = "swift-SBPickerSelectorExample";
			productName = "swift-SBPickerSelectorExample";
			productReference = 5228F2AA1DB1628B00B33E34 /* swift-SBPickerSelectorExample.app */;
			productType = "com.apple.product-type.application";
		};
/* End PBXNativeTarget section */

/* Begin PBXProject section */
		5228F2A21DB1628B00B33E34 /* Project object */ = {
			isa = PBXProject;
			attributes = {
				LastSwiftUpdateCheck = 0800;
				LastUpgradeCheck = 0800;
				ORGANIZATIONNAME = "Santiago Bustamante";
				TargetAttributes = {
					5228F2A91DB1628B00B33E34 = {
						CreatedOnToolsVersion = 8.0;
						DevelopmentTeam = YEDTKQMHUJ;
						ProvisioningStyle = Automatic;
					};
				};
			};
			buildConfigurationList = 5228F2A51DB1628B00B33E34 /* Build configuration list for PBXProject "swift-SBPickerSelectorExample" */;
			compatibilityVersion = "Xcode 3.2";
			developmentRegion = English;
			hasScannedForEncodings = 0;
			knownRegions = (
				en,
				Base,
			);
			mainGroup = 5228F2A11DB1628B00B33E34;
			productRefGroup = 5228F2AB1DB1628B00B33E34 /* Products */;
			projectDirPath = "";
			projectRoot = "";
			targets = (
				5228F2A91DB1628B00B33E34 /* swift-SBPickerSelectorExample */,
			);
		};
/* End PBXProject section */

/* Begin PBXResourcesBuildPhase section */
		5228F2A81DB1628B00B33E34 /* Resources */ = {
			isa = PBXResourcesBuildPhase;
			buildActionMask = 2147483647;
			files = (
				5228F2B81DB1628B00B33E34 /* LaunchScreen.storyboard in Resources */,
				5228F2B51DB1628B00B33E34 /* Assets.xcassets in Resources */,
				5228F2B31DB1628B00B33E34 /* Main.storyboard in Resources */,
			);
			runOnlyForDeploymentPostprocessing = 0;
		};
/* End PBXResourcesBuildPhase section */

/* Begin PBXShellScriptBuildPhase section */
		493D30F78F097DB648986FD8 /* [CP] Copy Pods Resources */ = {
			isa = PBXShellScriptBuildPhase;
			buildActionMask = 2147483647;
			files = (
			);
			inputPaths = (
			);
			name = "[CP] Copy Pods Resources";
			outputPaths = (
			);
			runOnlyForDeploymentPostprocessing = 0;
			shellPath = /bin/sh;
			shellScript = "\"${SRCROOT}/Pods/Target Support Files/Pods-swift-SBPickerSelectorExample/Pods-swift-SBPickerSelectorExample-resources.sh\"\n";
			showEnvVarsInLog = 0;
		};
		A9FC90ECFB3B822151539FC8 /* [CP] Embed Pods Frameworks */ = {
			isa = PBXShellScriptBuildPhase;
			buildActionMask = 2147483647;
			files = (
			);
			inputPaths = (
			);
			name = "[CP] Embed Pods Frameworks";
			outputPaths = (
			);
			runOnlyForDeploymentPostprocessing = 0;
			shellPath = /bin/sh;
			shellScript = "\"${SRCROOT}/Pods/Target Support Files/Pods-swift-SBPickerSelectorExample/Pods-swift-SBPickerSelectorExample-frameworks.sh\"\n";
			showEnvVarsInLog = 0;
		};
		BD5F7CD7CDA1C5291A1EAF8B /* [CP] Check Pods Manifest.lock */ = {
			isa = PBXShellScriptBuildPhase;
			buildActionMask = 2147483647;
			files = (
			);
			inputPaths = (
			);
			name = "[CP] Check Pods Manifest.lock";
			outputPaths = (
			);
			runOnlyForDeploymentPostprocessing = 0;
			shellPath = /bin/sh;
			shellScript = "diff \"${PODS_ROOT}/../Podfile.lock\" \"${PODS_ROOT}/Manifest.lock\" > /dev/null\nif [[ $? != 0 ]] ; then\n    cat << EOM\nerror: The sandbox is not in sync with the Podfile.lock. Run 'pod install' or update your CocoaPods installation.\nEOM\n    exit 1\nfi\n";
			showEnvVarsInLog = 0;
		};
/* End PBXShellScriptBuildPhase section */

/* Begin PBXSourcesBuildPhase section */
		5228F2A61DB1628B00B33E34 /* Sources */ = {
			isa = PBXSourcesBuildPhase;
			buildActionMask = 2147483647;
			files = (
				5228F2B01DB1628B00B33E34 /* ViewController.swift in Sources */,
				5228F2AE1DB1628B00B33E34 /* AppDelegate.swift in Sources */,
			);
			runOnlyForDeploymentPostprocessing = 0;
		};
/* End PBXSourcesBuildPhase section */

/* Begin PBXVariantGroup section */
		5228F2B11DB1628B00B33E34 /* Main.storyboard */ = {
			isa = PBXVariantGroup;
			children = (
				5228F2B21DB1628B00B33E34 /* Base */,
			);
			name = Main.storyboard;
			sourceTree = "<group>";
		};
		5228F2B61DB1628B00B33E34 /* LaunchScreen.storyboard */ = {
			isa = PBXVariantGroup;
			children = (
				5228F2B71DB1628B00B33E34 /* Base */,
			);
			name = LaunchScreen.storyboard;
			sourceTree = "<group>";
		};
/* End PBXVariantGroup section */

/* Begin XCBuildConfiguration section */
		5228F2BA1DB1628B00B33E34 /* Debug */ = {
			isa = XCBuildConfiguration;
			buildSettings = {
				ALWAYS_SEARCH_USER_PATHS = NO;
				CLANG_ANALYZER_NONNULL = YES;
				CLANG_CXX_LANGUAGE_STANDARD = "gnu++0x";
				CLANG_CXX_LIBRARY = "libc++";
				CLANG_ENABLE_MODULES = YES;
				CLANG_ENABLE_OBJC_ARC = YES;
				CLANG_WARN_BOOL_CONVERSION = YES;
				CLANG_WARN_CONSTANT_CONVERSION = YES;
				CLANG_WARN_DIRECT_OBJC_ISA_USAGE = YES_ERROR;
				CLANG_WARN_DOCUMENTATION_COMMENTS = YES;
				CLANG_WARN_EMPTY_BODY = YES;
				CLANG_WARN_ENUM_CONVERSION = YES;
				CLANG_WARN_INFINITE_RECURSION = YES;
				CLANG_WARN_INT_CONVERSION = YES;
				CLANG_WARN_OBJC_ROOT_CLASS = YES_ERROR;
				CLANG_WARN_SUSPICIOUS_MOVES = YES;
				CLANG_WARN_UNREACHABLE_CODE = YES;
				CLANG_WARN__DUPLICATE_METHOD_MATCH = YES;
				"CODE_SIGN_IDENTITY[sdk=iphoneos*]" = "iPhone Developer";
				COPY_PHASE_STRIP = NO;
				DEBUG_INFORMATION_FORMAT = dwarf;
				ENABLE_STRICT_OBJC_MSGSEND = YES;
				ENABLE_TESTABILITY = YES;
				GCC_C_LANGUAGE_STANDARD = gnu99;
				GCC_DYNAMIC_NO_PIC = NO;
				GCC_NO_COMMON_BLOCKS = YES;
				GCC_OPTIMIZATION_LEVEL = 0;
				GCC_PREPROCESSOR_DEFINITIONS = (
					"DEBUG=1",
					"$(inherited)",
				);
				GCC_WARN_64_TO_32_BIT_CONVERSION = YES;
				GCC_WARN_ABOUT_RETURN_TYPE = YES_ERROR;
				GCC_WARN_UNDECLARED_SELECTOR = YES;
				GCC_WARN_UNINITIALIZED_AUTOS = YES_AGGRESSIVE;
				GCC_WARN_UNUSED_FUNCTION = YES;
				GCC_WARN_UNUSED_VARIABLE = YES;
				IPHONEOS_DEPLOYMENT_TARGET = 9.0;
				MTL_ENABLE_DEBUG_INFO = YES;
				ONLY_ACTIVE_ARCH = YES;
				SDKROOT = iphoneos;
				SWIFT_ACTIVE_COMPILATION_CONDITIONS = DEBUG;
				SWIFT_OPTIMIZATION_LEVEL = "-Onone";
			};
			name = Debug;
		};
		5228F2BB1DB1628B00B33E34 /* Release */ = {
			isa = XCBuildConfiguration;
			buildSettings = {
				ALWAYS_SEARCH_USER_PATHS = NO;
				CLANG_ANALYZER_NONNULL = YES;
				CLANG_CXX_LANGUAGE_STANDARD = "gnu++0x";
				CLANG_CXX_LIBRARY = "libc++";
				CLANG_ENABLE_MODULES = YES;
				CLANG_ENABLE_OBJC_ARC = YES;
				CLANG_WARN_BOOL_CONVERSION = YES;
				CLANG_WARN_CONSTANT_CONVERSION = YES;
				CLANG_WARN_DIRECT_OBJC_ISA_USAGE = YES_ERROR;
				CLANG_WARN_DOCUMENTATION_COMMENTS = YES;
				CLANG_WARN_EMPTY_BODY = YES;
				CLANG_WARN_ENUM_CONVERSION = YES;
				CLANG_WARN_INFINITE_RECURSION = YES;
				CLANG_WARN_INT_CONVERSION = YES;
				CLANG_WARN_OBJC_ROOT_CLASS = YES_ERROR;
				CLANG_WARN_SUSPICIOUS_MOVES = YES;
				CLANG_WARN_UNREACHABLE_CODE = YES;
				CLANG_WARN__DUPLICATE_METHOD_MATCH = YES;
				"CODE_SIGN_IDENTITY[sdk=iphoneos*]" = "iPhone Developer";
				COPY_PHASE_STRIP = NO;
				DEBUG_INFORMATION_FORMAT = "dwarf-with-dsym";
				ENABLE_NS_ASSERTIONS = NO;
				ENABLE_STRICT_OBJC_MSGSEND = YES;
				GCC_C_LANGUAGE_STANDARD = gnu99;
				GCC_NO_COMMON_BLOCKS = YES;
				GCC_WARN_64_TO_32_BIT_CONVERSION = YES;
				GCC_WARN_ABOUT_RETURN_TYPE = YES_ERROR;
				GCC_WARN_UNDECLARED_SELECTOR = YES;
				GCC_WARN_UNINITIALIZED_AUTOS = YES_AGGRESSIVE;
				GCC_WARN_UNUSED_FUNCTION = YES;
				GCC_WARN_UNUSED_VARIABLE = YES;
				IPHONEOS_DEPLOYMENT_TARGET = 9.0;
				MTL_ENABLE_DEBUG_INFO = NO;
				SDKROOT = iphoneos;
				SWIFT_OPTIMIZATION_LEVEL = "-Owholemodule";
				VALIDATE_PRODUCT = YES;
			};
			name = Release;
		};
		5228F2BD1DB1628B00B33E34 /* Debug */ = {
			isa = XCBuildConfiguration;
			baseConfigurationReference = E3F421DA62FAAC625C7C50A9 /* Pods-swift-SBPickerSelectorExample.debug.xcconfig */;
			buildSettings = {
				ASSETCATALOG_COMPILER_APPICON_NAME = AppIcon;
				DEVELOPMENT_TEAM = YEDTKQMHUJ;
				INFOPLIST_FILE = "swift-SBPickerSelectorExample/Info.plist";
				LD_RUNPATH_SEARCH_PATHS = "$(inherited) @executable_path/Frameworks";
				PRODUCT_BUNDLE_IDENTIFIER = "info.santiagobustamante.swift-SBPickerSelectorExample";
				PRODUCT_NAME = "$(TARGET_NAME)";
				SWIFT_VERSION = 3.0;
				TARGETED_DEVICE_FAMILY = "1,2";
			};
			name = Debug;
		};
		5228F2BE1DB1628B00B33E34 /* Release */ = {
			isa = XCBuildConfiguration;
			baseConfigurationReference = 241D12CFF70A4B1FF9A9F337 /* Pods-swift-SBPickerSelectorExample.release.xcconfig */;
			buildSettings = {
				ASSETCATALOG_COMPILER_APPICON_NAME = AppIcon;
				DEVELOPMENT_TEAM = YEDTKQMHUJ;
				INFOPLIST_FILE = "swift-SBPickerSelectorExample/Info.plist";
				LD_RUNPATH_SEARCH_PATHS = "$(inherited) @executable_path/Frameworks";
				PRODUCT_BUNDLE_IDENTIFIER = "info.santiagobustamante.swift-SBPickerSelectorExample";
				PRODUCT_NAME = "$(TARGET_NAME)";
				SWIFT_VERSION = 3.0;
				TARGETED_DEVICE_FAMILY = "1,2";
			};
			name = Release;
		};
/* End XCBuildConfiguration section */

/* Begin XCConfigurationList section */
		5228F2A51DB1628B00B33E34 /* Build configuration list for PBXProject "swift-SBPickerSelectorExample" */ = {
			isa = XCConfigurationList;
			buildConfigurations = (
				5228F2BA1DB1628B00B33E34 /* Debug */,
				5228F2BB1DB1628B00B33E34 /* Release */,
			);
			defaultConfigurationIsVisible = 0;
			defaultConfigurationName = Release;
		};
		5228F2BC1DB1628B00B33E34 /* Build configuration list for PBXNativeTarget "swift-SBPickerSelectorExample" */ = {
			isa = XCConfigurationList;
			buildConfigurations = (
				5228F2BD1DB1628B00B33E34 /* Debug */,
				5228F2BE1DB1628B00B33E34 /* Release */,
			);
			defaultConfigurationIsVisible = 0;
			defaultConfigurationName = Release;
		};
/* End XCConfigurationList section */
	};
	rootObject = 5228F2A21DB1628B00B33E34 /* Project object */;
}
